
Microsoft Visual Studio Solution File, Format Version 12.00
# Visual Studio 2012
Project("{FAE04EC0-301F-11D3-BF4B-00C04F79EFBC}") = "CourseManager", "CourseManager\CourseManager.csproj", "{83145335-14A4-477B-8041-30FDE0B5A36E}"
EndProject
Global
	GlobalSection(SolutionConfigurationPlatforms) = preSolution
		Debug|Any CPU = Debug|Any CPU
		Release|Any CPU = Release|Any CPU
	EndGlobalSection
	GlobalSection(ProjectConfigurationPlatforms) = postSolution
		{83145335-14A4-477B-8041-30FDE0B5A36E}.Debug|Any CPU.ActiveCfg = Debug|Any CPU
		{83145335-14A4-477B-8041-30FDE0B5A36E}.Debug|Any CPU.Build.0 = Debug|Any CPU
		{83145335-14A4-477B-8041-30FDE0B5A36E}.Release|Any CPU.ActiveCfg = Release|Any CPU
		{83145335-14A4-477B-8041-30FDE0B5A36E}.Release|Any CPU.Build.0 = Release|Any CPU
	EndGlobalSection
	GlobalSection(SolutionProperties) = preSolution
		HideSolutionNode = FALSE
	EndGlobalSection
EndGlobal
